github.com/tsuryanto/go-say-hello v1.0.0 h1:jWx++GN8zPqi6ahlgfWbx8jrWDJ0QMnKJMD2PrKCV1U=
github.com/tsuryanto/go-say-hello v1.0.0/go.mod h1:8W1RGxnbOS5Zd8nAVhLfkdBZSDozT2CJHFWf1utRnBE=
github.com/tsuryanto/go-say-hello v1.0.5 h1:orXCnTeBeUSOfde83qYFzukxJwkH59tH4IRd7MO0dzs=
github.com/tsuryanto/go-say-hello v1.0.5/go.mod h1:E/DB46G0Mj0kpbdVnq+FOIGSZ0+6HdaTabRY6oCOmI8=
